dependencies:
- name: rabbitmq
  repository: https://charts.bitnami.com/bitnami
  version: 7.5.7
- name: kafka
  repository: https://charts.bitnami.com/bitnami
  version: 11.6.2
- name: postgresql
  repository: https://charts.bitnami.com/bitnami
  version: 9.4.0
- name: victoria-metrics-cluster
  repository: https://victoriametrics.github.io/helm-charts/
  version: 0.6.4
digest: sha256:60a80986a66bbce4bed55533a7f9bfd0d514e0fa164515283e2387b51ac025e4
generated: "2020-11-18T13:11:57.594666+01:00"
